
Microsoft Visual Studio Solution File, Format Version 12.00
# Visual Studio Version 17
VisualStudioVersion = 17.13.35818.85 d17.13
MinimumVisualStudioVersion = 10.0.40219.1
Project("{FAE04EC0-301F-11D3-BF4B-00C04F79EFBC}") = "Sistema de facturacion", "Sistema de facturacion\Sistema de facturacion.csproj", "{CCF82870-DA95-41D0-A38E-CBEB59053422}"
EndProject
Global
	GlobalSection(SolutionConfigurationPlatforms) = preSolution
		Debug|Any CPU = Debug|Any CPU
		Release|Any CPU = Release|Any CPU
	EndGlobalSection
	GlobalSection(ProjectConfigurationPlatforms) = postSolution
		{CCF82870-DA95-41D0-A38E-CBEB59053422}.Debug|Any CPU.ActiveCfg = Debug|Any CPU
		{CCF82870-DA95-41D0-A38E-CBEB59053422}.Debug|Any CPU.Build.0 = Debug|Any CPU
		{CCF82870-DA95-41D0-A38E-CBEB59053422}.Release|Any CPU.ActiveCfg = Release|Any CPU
		{CCF82870-DA95-41D0-A38E-CBEB59053422}.Release|Any CPU.Build.0 = Release|Any CPU
	EndGlobalSection
	GlobalSection(SolutionProperties) = preSolution
		HideSolutionNode = FALSE
	EndGlobalSection
	GlobalSection(ExtensibilityGlobals) = postSolution
		SolutionGuid = {F7537999-167C-4537-BC8F-B1ACF09A2846}
	EndGlobalSection
EndGlobal
